{
  "lockfileVersion": 1,
  "workspaces": {
    "": {
      "dependencies": {
        "marked": "^17.0.2",
      },
    },
  },
  "packages": {
    "marked": ["marked@17.0.2", "", { "bin": { "marked": "bin/marked.js" } }, "sha512-s5HZGFQea7Huv5zZcAGhJLT3qLpAfnY7v7GWkICUr0+Wd5TFEtdlRR2XUL5Gg+RH7u2Df595ifrxR03mBaw7gA=="],
  }
}
